// !$*UTF8*$!
{
	archiveVersion = 1;
	classes = {
	};
	objectVersion = 55;
	objects = {

/* Begin PBXBuildFile section */
		C699F80D2B71379900EBD4A8 /* Algorithms in Frameworks */ = {isa = PBXBuildFile; productRef = C699F80C2B71379900EBD4A8 /* Algorithms */; };
		C6B09EF02B66B6D800ED40E5 /* learn_swiftApp.swift in Sources */ = {isa = PBXBuildFile; fileRef = C6B09EEF2B66B6D800ED40E5 /* learn_swiftApp.swift */; };
		C6B09EF22B66B6D800ED40E5 /* ContentView.swift in Sources */ = {isa = PBXBuildFile; fileRef = C6B09EF12B66B6D800ED40E5 /* ContentView.swift */; };
		C6B09EF42B66B6DB00ED40E5 /* Assets.xcassets in Resources */ = {isa = PBXBuildFile; fileRef = C6B09EF32B66B6DB00ED40E5 /* Assets.xcassets */; };
		C6B09EF72B66B6DB00ED40E5 /* Preview Assets.xcassets in Resources */ = {isa = PBXBuildFile; fileRef = C6B09EF62B66B6DB00ED40E5 /* Preview Assets.xcassets */; };
		C6B09EFE2B696BA600ED40E5 /* QuestionView.swift in Sources */ = {isa = PBXBuildFile; fileRef = C6B09EFD2B696BA600ED40E5 /* QuestionView.swift */; };
		C6FAF2D52B72A1A300E3B34C /* Auth in Frameworks */ = {isa = PBXBuildFile; productRef = C6FAF2D42B72A1A300E3B34C /* Auth */; };
		C6FAF2D72B72A1A300E3B34C /* Functions in Frameworks */ = {isa = PBXBuildFile; productRef = C6FAF2D62B72A1A300E3B34C /* Functions */; };
		C6FAF2D92B72A1A300E3B34C /* PostgREST in Frameworks */ = {isa = PBXBuildFile; productRef = C6FAF2D82B72A1A300E3B34C /* PostgREST */; };
		C6FAF2DB2B72A1A300E3B34C /* Realtime in Frameworks */ = {isa = PBXBuildFile; productRef = C6FAF2DA2B72A1A300E3B34C /* Realtime */; };
		C6FAF2DD2B72A1A300E3B34C /* Storage in Frameworks */ = {isa = PBXBuildFile; productRef = C6FAF2DC2B72A1A300E3B34C /* Storage */; };
		C6FAF2DF2B72A1A300E3B34C /* Supabase in Frameworks */ = {isa = PBXBuildFile; productRef = C6FAF2DE2B72A1A300E3B34C /* Supabase */; };
		C6FAF2E12B72B12E00E3B34C /* QuizManager.swift in Sources */ = {isa = PBXBuildFile; fileRef = C6FAF2E02B72B12E00E3B34C /* QuizManager.swift */; };
/* End PBXBuildFile section */

/* Begin PBXFileReference section */
		C6B09EEC2B66B6D800ED40E5 /* learn-swift.app */ = {isa = PBXFileReference; explicitFileType = wrapper.application; includeInIndex = 0; path = "learn-swift.app"; sourceTree = BUILT_PRODUCTS_DIR; };
		C6B09EEF2B66B6D800ED40E5 /* learn_swiftApp.swift */ = {isa = PBXFileReference; lastKnownFileType = sourcecode.swift; path = learn_swiftApp.swift; sourceTree = "<group>"; };
		C6B09EF12B66B6D800ED40E5 /* ContentView.swift */ = {isa = PBXFileReference; lastKnownFileType = sourcecode.swift; path = ContentView.swift; sourceTree = "<group>"; };
		C6B09EF32B66B6DB00ED40E5 /* Assets.xcassets */ = {isa = PBXFileReference; lastKnownFileType = folder.assetcatalog; path = Assets.xcassets; sourceTree = "<group>"; };
		C6B09EF62B66B6DB00ED40E5 /* Preview Assets.xcassets */ = {isa = PBXFileReference; lastKnownFileType = folder.assetcatalog; path = "Preview Assets.xcassets"; sourceTree = "<group>"; };
		C6B09EFD2B696BA600ED40E5 /* QuestionView.swift */ = {isa = PBXFileReference; lastKnownFileType = sourcecode.swift; path = QuestionView.swift; sourceTree = "<group>"; };
		C6FAF2E02B72B12E00E3B34C /* QuizManager.swift */ = {isa = PBXFileReference; lastKnownFileType = sourcecode.swift; path = QuizManager.swift; sourceTree = "<group>"; };
/* End PBXFileReference section */

/* Begin PBXFrameworksBuildPhase section */
		C6B09EE92B66B6D800ED40E5 /* Frameworks */ = {
			isa = PBXFrameworksBuildPhase;
			buildActionMask = 2147483647;
			files = (
				C6FAF2DF2B72A1A300E3B34C /* Supabase in Frameworks */,
				C6FAF2DD2B72A1A300E3B34C /* Storage in Frameworks */,
				C6FAF2D92B72A1A300E3B34C /* PostgREST in Frameworks */,
				C6FAF2D72B72A1A300E3B34C /* Functions in Frameworks */,
				C6FAF2D52B72A1A300E3B34C /* Auth in Frameworks */,
				C6FAF2DB2B72A1A300E3B34C /* Realtime in Frameworks */,
				C699F80D2B71379900EBD4A8 /* Algorithms in Frameworks */,
			);
			runOnlyForDeploymentPostprocessing = 0;
		};
/* End PBXFrameworksBuildPhase section */

/* Begin PBXGroup section */
		C6B09EE32B66B6D800ED40E5 = {
			isa = PBXGroup;
			children = (
				C6B09EEE2B66B6D800ED40E5 /* learn-swift */,
				C6B09EED2B66B6D800ED40E5 /* Products */,
			);
			sourceTree = "<group>";
		};
		C6B09EED2B66B6D800ED40E5 /* Products */ = {
			isa = PBXGroup;
			children = (
				C6B09EEC2B66B6D800ED40E5 /* learn-swift.app */,
			);
			name = Products;
			sourceTree = "<group>";
		};
		C6B09EEE2B66B6D800ED40E5 /* learn-swift */ = {
			isa = PBXGroup;
			children = (
				C6B09EEF2B66B6D800ED40E5 /* learn_swiftApp.swift */,
				C6B09EF12B66B6D800ED40E5 /* ContentView.swift */,
				C6FAF2E02B72B12E00E3B34C /* QuizManager.swift */,
				C6B09EF32B66B6DB00ED40E5 /* Assets.xcassets */,
				C6B09EF52B66B6DB00ED40E5 /* Preview Content */,
				C6B09EFD2B696BA600ED40E5 /* QuestionView.swift */,
			);
			path = "learn-swift";
			sourceTree = "<group>";
		};
		C6B09EF52B66B6DB00ED40E5 /* Preview Content */ = {
			isa = PBXGroup;
			children = (
				C6B09EF62B66B6DB00ED40E5 /* Preview Assets.xcassets */,
			);
			path = "Preview Content";
			sourceTree = "<group>";
		};
/* End PBXGroup section */

/* Begin PBXNativeTarget section */
		C6B09EEB2B66B6D800ED40E5 /* learn-swift */ = {
			isa = PBXNativeTarget;
			buildConfigurationList = C6B09EFA2B66B6DB00ED40E5 /* Build configuration list for PBXNativeTarget "learn-swift" */;
			buildPhases = (
				C6B09EE82B66B6D800ED40E5 /* Sources */,
				C6B09EE92B66B6D800ED40E5 /* Frameworks */,
				C6B09EEA2B66B6D800ED40E5 /* Resources */,
			);
			buildRules = (
			);
			dependencies = (
			);
			name = "learn-swift";
			packageProductDependencies = (
				C699F80C2B71379900EBD4A8 /* Algorithms */,
				C6FAF2D42B72A1A300E3B34C /* Auth */,
				C6FAF2D62B72A1A300E3B34C /* Functions */,
				C6FAF2D82B72A1A300E3B34C /* PostgREST */,
				C6FAF2DA2B72A1A300E3B34C /* Realtime */,
				C6FAF2DC2B72A1A300E3B34C /* Storage */,
				C6FAF2DE2B72A1A300E3B34C /* Supabase */,
			);
			productName = "learn-swift";
			productReference = C6B09EEC2B66B6D800ED40E5 /* learn-swift.app */;
			productType = "com.apple.product-type.application";
		};
/* End PBXNativeTarget section */

/* Begin PBXProject section */
		C6B09EE42B66B6D800ED40E5 /* Project object */ = {
			isa = PBXProject;
			attributes = {
				BuildIndependentTargetsInParallel = 1;
				LastSwiftUpdateCheck = 1340;
				LastUpgradeCheck = 1340;
				TargetAttributes = {
					C6B09EEB2B66B6D800ED40E5 = {
						CreatedOnToolsVersion = 13.4.1;
					};
				};
			};
			buildConfigurationList = C6B09EE72B66B6D800ED40E5 /* Build configuration list for PBXProject "learn-swift" */;
			compatibilityVersion = "Xcode 13.0";
			developmentRegion = en;
			hasScannedForEncodings = 0;
			knownRegions = (
				en,
				Base,
			);
			mainGroup = C6B09EE32B66B6D800ED40E5;
			packageReferences = (
				C699F80B2B71379900EBD4A8 /* XCRemoteSwiftPackageReference "swift-algorithms" */,
				C6FAF2D32B72A1A300E3B34C /* XCRemoteSwiftPackageReference "supabase-swift" */,
			);
			productRefGroup = C6B09EED2B66B6D800ED40E5 /* Products */;
			projectDirPath = "";
			projectRoot = "";
			targets = (
				C6B09EEB2B66B6D800ED40E5 /* learn-swift */,
			);
		};
/* End PBXProject section */

/* Begin PBXResourcesBuildPhase section */
		C6B09EEA2B66B6D800ED40E5 /* Resources */ = {
			isa = PBXResourcesBuildPhase;
			buildActionMask = 2147483647;
			files = (
				C6B09EF72B66B6DB00ED40E5 /* Preview Assets.xcassets in Resources */,
				C6B09EF42B66B6DB00ED40E5 /* Assets.xcassets in Resources */,
			);
			runOnlyForDeploymentPostprocessing = 0;
		};
/* End PBXResourcesBuildPhase section */

/* Begin PBXSourcesBuildPhase section */
		C6B09EE82B66B6D800ED40E5 /* Sources */ = {
			isa = PBXSourcesBuildPhase;
			buildActionMask = 2147483647;
			files = (
				C6FAF2E12B72B12E00E3B34C /* QuizManager.swift in Sources */,
				C6B09EF22B66B6D800ED40E5 /* ContentView.swift in Sources */,
				C6B09EFE2B696BA600ED40E5 /* QuestionView.swift in Sources */,
				C6B09EF02B66B6D800ED40E5 /* learn_swiftApp.swift in Sources */,
			);
			runOnlyForDeploymentPostprocessing = 0;
		};
/* End PBXSourcesBuildPhase section */

/* Begin XCBuildConfiguration section */
		C6B09EF82B66B6DB00ED40E5 /* Debug */ = {
			isa = XCBuildConfiguration;
			buildSettings = {
				ALWAYS_SEARCH_USER_PATHS = NO;
				CLANG_ANALYZER_NONNULL = YES;
				CLANG_ANALYZER_NUMBER_OBJECT_CONVERSION = YES_AGGRESSIVE;
				CLANG_CXX_LANGUAGE_STANDARD = "gnu++17";
				CLANG_ENABLE_MODULES = YES;
				CLANG_ENABLE_OBJC_ARC = YES;
				CLANG_ENABLE_OBJC_WEAK = YES;
				CLANG_WARN_BLOCK_CAPTURE_AUTORELEASING = YES;
				CLANG_WARN_BOOL_CONVERSION = YES;
				CLANG_WARN_COMMA = YES;
				CLANG_WARN_CONSTANT_CONVERSION = YES;
				CLANG_WARN_DEPRECATED_OBJC_IMPLEMENTATIONS = YES;
				CLANG_WARN_DIRECT_OBJC_ISA_USAGE = YES_ERROR;
				CLANG_WARN_DOCUMENTATION_COMMENTS = YES;
				CLANG_WARN_EMPTY_BODY = YES;
				CLANG_WARN_ENUM_CONVERSION = YES;
				CLANG_WARN_INFINITE_RECURSION = YES;
				CLANG_WARN_INT_CONVERSION = YES;
				CLANG_WARN_NON_LITERAL_NULL_CONVERSION = YES;
				CLANG_WARN_OBJC_IMPLICIT_RETAIN_SELF = YES;
				CLANG_WARN_OBJC_LITERAL_CONVERSION = YES;
				CLANG_WARN_OBJC_ROOT_CLASS = YES_ERROR;
				CLANG_WARN_QUOTED_INCLUDE_IN_FRAMEWORK_HEADER = YES;
				CLANG_WARN_RANGE_LOOP_ANALYSIS = YES;
				CLANG_WARN_STRICT_PROTOTYPES = YES;
				CLANG_WARN_SUSPICIOUS_MOVE = YES;
				CLANG_WARN_UNGUARDED_AVAILABILITY = YES_AGGRESSIVE;
				CLANG_WARN_UNREACHABLE_CODE = YES;
				CLANG_WARN__DUPLICATE_METHOD_MATCH = YES;
				COPY_PHASE_STRIP = NO;
				DEBUG_INFORMATION_FORMAT = dwarf;
				ENABLE_STRICT_OBJC_MSGSEND = YES;
				ENABLE_TESTABILITY = YES;
				GCC_C_LANGUAGE_STANDARD = gnu11;
				GCC_DYNAMIC_NO_PIC = NO;
				GCC_NO_COMMON_BLOCKS = YES;
				GCC_OPTIMIZATION_LEVEL = 0;
				GCC_PREPROCESSOR_DEFINITIONS = (
					"DEBUG=1",
					"$(inherited)",
				);
				GCC_WARN_64_TO_32_BIT_CONVERSION = YES;
				GCC_WARN_ABOUT_RETURN_TYPE = YES_ERROR;
				GCC_WARN_UNDECLARED_SELECTOR = YES;
				GCC_WARN_UNINITIALIZED_AUTOS = YES_AGGRESSIVE;
				GCC_WARN_UNUSED_FUNCTION = YES;
				GCC_WARN_UNUSED_VARIABLE = YES;
				IPHONEOS_DEPLOYMENT_TARGET = 15.5;
				MTL_ENABLE_DEBUG_INFO = INCLUDE_SOURCE;
				MTL_FAST_MATH = YES;
				ONLY_ACTIVE_ARCH = YES;
				SDKROOT = iphoneos;
				SWIFT_ACTIVE_COMPILATION_CONDITIONS = DEBUG;
				SWIFT_OPTIMIZATION_LEVEL = "-Onone";
			};
			name = Debug;
		};
		C6B09EF92B66B6DB00ED40E5 /* Release */ = {
			isa = XCBuildConfiguration;
			buildSettings = {
				ALWAYS_SEARCH_USER_PATHS = NO;
				CLANG_ANALYZER_NONNULL = YES;
				CLANG_ANALYZER_NUMBER_OBJECT_CONVERSION = YES_AGGRESSIVE;
				CLANG_CXX_LANGUAGE_STANDARD = "gnu++17";
				CLANG_ENABLE_MODULES = YES;
				CLANG_ENABLE_OBJC_ARC = YES;
				CLANG_ENABLE_OBJC_WEAK = YES;
				CLANG_WARN_BLOCK_CAPTURE_AUTORELEASING = YES;
				CLANG_WARN_BOOL_CONVERSION = YES;
				CLANG_WARN_COMMA = YES;
				CLANG_WARN_CONSTANT_CONVERSION = YES;
				CLANG_WARN_DEPRECATED_OBJC_IMPLEMENTATIONS = YES;
				CLANG_WARN_DIRECT_OBJC_ISA_USAGE = YES_ERROR;
				CLANG_WARN_DOCUMENTATION_COMMENTS = YES;
				CLANG_WARN_EMPTY_BODY = YES;
				CLANG_WARN_ENUM_CONVERSION = YES;
				CLANG_WARN_INFINITE_RECURSION = YES;
				CLANG_WARN_INT_CONVERSION = YES;
				CLANG_WARN_NON_LITERAL_NULL_CONVERSION = YES;
				CLANG_WARN_OBJC_IMPLICIT_RETAIN_SELF = YES;
				CLANG_WARN_OBJC_LITERAL_CONVERSION = YES;
				CLANG_WARN_OBJC_ROOT_CLASS = YES_ERROR;
				CLANG_WARN_QUOTED_INCLUDE_IN_FRAMEWORK_HEADER = YES;
				CLANG_WARN_RANGE_LOOP_ANALYSIS = YES;
				CLANG_WARN_STRICT_PROTOTYPES = YES;
				CLANG_WARN_SUSPICIOUS_MOVE = YES;
				CLANG_WARN_UNGUARDED_AVAILABILITY = YES_AGGRESSIVE;
				CLANG_WARN_UNREACHABLE_CODE = YES;
				CLANG_WARN__DUPLICATE_METHOD_MATCH = YES;
				COPY_PHASE_STRIP = NO;
				DEBUG_INFORMATION_FORMAT = "dwarf-with-dsym";
				ENABLE_NS_ASSERTIONS = NO;
				ENABLE_STRICT_OBJC_MSGSEND = YES;
				GCC_C_LANGUAGE_STANDARD = gnu11;
				GCC_NO_COMMON_BLOCKS = YES;
				GCC_WARN_64_TO_32_BIT_CONVERSION = YES;
				GCC_WARN_ABOUT_RETURN_TYPE = YES_ERROR;
				GCC_WARN_UNDECLARED_SELECTOR = YES;
				GCC_WARN_UNINITIALIZED_AUTOS = YES_AGGRESSIVE;
				GCC_WARN_UNUSED_FUNCTION = YES;
				GCC_WARN_UNUSED_VARIABLE = YES;
				IPHONEOS_DEPLOYMENT_TARGET = 15.5;
				MTL_ENABLE_DEBUG_INFO = NO;
				MTL_FAST_MATH = YES;
				SDKROOT = iphoneos;
				SWIFT_COMPILATION_MODE = wholemodule;
				SWIFT_OPTIMIZATION_LEVEL = "-O";
				VALIDATE_PRODUCT = YES;
			};
			name = Release;
		};
		C6B09EFB2B66B6DB00ED40E5 /* Debug */ = {
			isa = XCBuildConfiguration;
			buildSettings = {
				ASSETCATALOG_COMPILER_APPICON_NAME = AppIcon;
				ASSETCATALOG_COMPILER_GLOBAL_ACCENT_COLOR_NAME = AccentColor;
				CODE_SIGN_STYLE = Automatic;
				CURRENT_PROJECT_VERSION = 1;
				DEVELOPMENT_ASSET_PATHS = "\"learn-swift/Preview Content\"";
				DEVELOPMENT_TEAM = Q25T636R4F;
				ENABLE_PREVIEWS = YES;
				GENERATE_INFOPLIST_FILE = YES;
				INFOPLIST_KEY_UIApplicationSceneManifest_Generation = YES;
				INFOPLIST_KEY_UIApplicationSupportsIndirectInputEvents = YES;
				INFOPLIST_KEY_UILaunchScreen_Generation = YES;
				INFOPLIST_KEY_UISupportedInterfaceOrientations_iPad = "UIInterfaceOrientationPortrait UIInterfaceOrientationPortraitUpsideDown UIInterfaceOrientationLandscapeLeft UIInterfaceOrientationLandscapeRight";
				INFOPLIST_KEY_UISupportedInterfaceOrientations_iPhone = "UIInterfaceOrientationPortrait UIInterfaceOrientationLandscapeLeft UIInterfaceOrientationLandscapeRight";
				LD_RUNPATH_SEARCH_PATHS = (
					"$(inherited)",
					"@executable_path/Frameworks",
				);
				MARKETING_VERSION = 1.0;
				PRODUCT_BUNDLE_IDENTIFIER = "ben.learn-swift";
				PRODUCT_NAME = "$(TARGET_NAME)";
				SWIFT_EMIT_LOC_STRINGS = YES;
				SWIFT_VERSION = 5.0;
				TARGETED_DEVICE_FAMILY = "1,2";
			};
			name = Debug;
		};
		C6B09EFC2B66B6DB00ED40E5 /* Release */ = {
			isa = XCBuildConfiguration;
			buildSettings = {
				ASSETCATALOG_COMPILER_APPICON_NAME = AppIcon;
				ASSETCATALOG_COMPILER_GLOBAL_ACCENT_COLOR_NAME = AccentColor;
				CODE_SIGN_STYLE = Automatic;
				CURRENT_PROJECT_VERSION = 1;
				DEVELOPMENT_ASSET_PATHS = "\"learn-swift/Preview Content\"";
				DEVELOPMENT_TEAM = Q25T636R4F;
				ENABLE_PREVIEWS = YES;
				GENERATE_INFOPLIST_FILE = YES;
				INFOPLIST_KEY_UIApplicationSceneManifest_Generation = YES;
				INFOPLIST_KEY_UIApplicationSupportsIndirectInputEvents = YES;
				INFOPLIST_KEY_UILaunchScreen_Generation = YES;
				INFOPLIST_KEY_UISupportedInterfaceOrientations_iPad = "UIInterfaceOrientationPortrait UIInterfaceOrientationPortraitUpsideDown UIInterfaceOrientationLandscapeLeft UIInterfaceOrientationLandscapeRight";
				INFOPLIST_KEY_UISupportedInterfaceOrientations_iPhone = "UIInterfaceOrientationPortrait UIInterfaceOrientationLandscapeLeft UIInterfaceOrientationLandscapeRight";
				LD_RUNPATH_SEARCH_PATHS = (
					"$(inherited)",
					"@executable_path/Frameworks",
				);
				MARKETING_VERSION = 1.0;
				PRODUCT_BUNDLE_IDENTIFIER = "ben.learn-swift";
				PRODUCT_NAME = "$(TARGET_NAME)";
				SWIFT_EMIT_LOC_STRINGS = YES;
				SWIFT_VERSION = 5.0;
				TARGETED_DEVICE_FAMILY = "1,2";
			};
			name = Release;
		};
/* End XCBuildConfiguration section */

/* Begin XCConfigurationList section */
		C6B09EE72B66B6D800ED40E5 /* Build configuration list for PBXProject "learn-swift" */ = {
			isa = XCConfigurationList;
			buildConfigurations = (
				C6B09EF82B66B6DB00ED40E5 /* Debug */,
				C6B09EF92B66B6DB00ED40E5 /* Release */,
			);
			defaultConfigurationIsVisible = 0;
			defaultConfigurationName = Release;
		};
		C6B09EFA2B66B6DB00ED40E5 /* Build configuration list for PBXNativeTarget "learn-swift" */ = {
			isa = XCConfigurationList;
			buildConfigurations = (
				C6B09EFB2B66B6DB00ED40E5 /* Debug */,
				C6B09EFC2B66B6DB00ED40E5 /* Release */,
			);
			defaultConfigurationIsVisible = 0;
			defaultConfigurationName = Release;
		};
/* End XCConfigurationList section */

/* Begin XCRemoteSwiftPackageReference section */
		C699F80B2B71379900EBD4A8 /* XCRemoteSwiftPackageReference "swift-algorithms" */ = {
			isa = XCRemoteSwiftPackageReference;
			repositoryURL = "https://github.com/apple/swift-algorithms.git";
			requirement = {
				kind = upToNextMajorVersion;
				minimumVersion = 1.0.0;
			};
		};
		C6FAF2D32B72A1A300E3B34C /* XCRemoteSwiftPackageReference "supabase-swift" */ = {
			isa = XCRemoteSwiftPackageReference;
			repositoryURL = "https://github.com/supabase-community/supabase-swift.git";
			requirement = {
				kind = upToNextMajorVersion;
				minimumVersion = 2.3.1;
			};
		};
/* End XCRemoteSwiftPackageReference section */

/* Begin XCSwiftPackageProductDependency section */
		C699F80C2B71379900EBD4A8 /* Algorithms */ = {
			isa = XCSwiftPackageProductDependency;
			package = C699F80B2B71379900EBD4A8 /* XCRemoteSwiftPackageReference "swift-algorithms" */;
			productName = Algorithms;
		};
		C6FAF2D42B72A1A300E3B34C /* Auth */ = {
			isa = XCSwiftPackageProductDependency;
			package = C6FAF2D32B72A1A300E3B34C /* XCRemoteSwiftPackageReference "supabase-swift" */;
			productName = Auth;
		};
		C6FAF2D62B72A1A300E3B34C /* Functions */ = {
			isa = XCSwiftPackageProductDependency;
			package = C6FAF2D32B72A1A300E3B34C /* XCRemoteSwiftPackageReference "supabase-swift" */;
			productName = Functions;
		};
		C6FAF2D82B72A1A300E3B34C /* PostgREST */ = {
			isa = XCSwiftPackageProductDependency;
			package = C6FAF2D32B72A1A300E3B34C /* XCRemoteSwiftPackageReference "supabase-swift" */;
			productName = PostgREST;
		};
		C6FAF2DA2B72A1A300E3B34C /* Realtime */ = {
			isa = XCSwiftPackageProductDependency;
			package = C6FAF2D32B72A1A300E3B34C /* XCRemoteSwiftPackageReference "supabase-swift" */;
			productName = Realtime;
		};
		C6FAF2DC2B72A1A300E3B34C /* Storage */ = {
			isa = XCSwiftPackageProductDependency;
			package = C6FAF2D32B72A1A300E3B34C /* XCRemoteSwiftPackageReference "supabase-swift" */;
			productName = Storage;
		};
		C6FAF2DE2B72A1A300E3B34C /* Supabase */ = {
			isa = XCSwiftPackageProductDependency;
			package = C6FAF2D32B72A1A300E3B34C /* XCRemoteSwiftPackageReference "supabase-swift" */;
			productName = Supabase;
		};
/* End XCSwiftPackageProductDependency section */
	};
	rootObject = C6B09EE42B66B6D800ED40E5 /* Project object */;
}
